
Microsoft Visual Studio Solution File, Format Version 12.00
# Visual Studio Version 17
VisualStudioVersion = 17.11.35327.3
MinimumVisualStudioVersion = 10.0.40219.1
Project("{FAE04EC0-301F-11D3-BF4B-00C04F79EFBC}") = "WindowsFormsApp1", "WindowsFormsApp1\WindowsFormsApp1.csproj", "{0A69052C-26F4-49BB-A98D-FE1842BBF949}"
EndProject
Global
	GlobalSection(SolutionConfigurationPlatforms) = preSolution
		Debug|Any CPU = Debug|Any CPU
		Release|Any CPU = Release|Any CPU
	EndGlobalSection
	GlobalSection(ProjectConfigurationPlatforms) = postSolution
		{0A69052C-26F4-49BB-A98D-FE1842BBF949}.Debug|Any CPU.ActiveCfg = Debug|Any CPU
		{0A69052C-26F4-49BB-A98D-FE1842BBF949}.Debug|Any CPU.Build.0 = Debug|Any CPU
		{0A69052C-26F4-49BB-A98D-FE1842BBF949}.Release|Any CPU.ActiveCfg = Release|Any CPU
		{0A69052C-26F4-49BB-A98D-FE1842BBF949}.Release|Any CPU.Build.0 = Release|Any CPU
	EndGlobalSection
	GlobalSection(SolutionProperties) = preSolution
		HideSolutionNode = FALSE
	EndGlobalSection
	GlobalSection(ExtensibilityGlobals) = postSolution
		SolutionGuid = {089BCA2E-9D7E-45BD-9F7F-5252624E8D61}
	EndGlobalSection
EndGlobal
